<?xml version="1.0" encoding="utf-8"?>
<Project ToolsVersion="4.0" xmlns="http://schemas.microsoft.com/developer/msbuild/2003">
  <ItemGroup>
    <Filter Include="未分類のソースヘッダファイル">
      <UniqueIdentifier>{34D2D9DA-FB41-4451-A679-F881A5882E1B}</UniqueIdentifier>
      <Extensions>cpp;c;cc;cxx;c++;cppm;ixx;def;odl;idl;hpj;bat;asm;asmx;h;hh;hpp;hxx;h++;hm;inl;inc;ipp;xsd</Extensions>
    </Filter>
    <Filter Include="未分類のリソースファイル">
      <UniqueIdentifier>{67DA6AB6-F800-4c08-8B7A-83BB121AAD01}</UniqueIdentifier>
      <Extensions>rc;ico;cur;bmp;dlg;rc2;rct;bin;rgs;gif;jpg;jpeg;jpe;resx;tiff;tif;png;wav;mfcribbon-ms</Extensions>
    </Filter>
    <Filter Include="未分類のJSONファイル">
      <UniqueIdentifier>{BE73A8F9-986B-4D47-96AC-3F74D3C92002}</UniqueIdentifier>
      <Extensions>json</Extensions>
    </Filter>
    <Filter Include="シェーダーファイル">
      <UniqueIdentifier>{33373E20-418F-441D-B2F0-CECD85A90D74}</UniqueIdentifier>
      <Extensions>hlsl</Extensions>
    </Filter>
    <Filter Include="シェーダーインクルードファイル">
      <UniqueIdentifier>{5528A0A2-EDCA-4774-981C-85141C9A6908}</UniqueIdentifier>
      <Extensions>hlsli</Extensions>
    </Filter>
    <Filter Include="GameBase">
      <UniqueIdentifier>{F27FD678-F40E-4180-AC1D-8DA7ED91F9EA}</UniqueIdentifier>
    </Filter>
    <Filter Include="Library">
      <UniqueIdentifier>{5A804DF2-62AF-4CB4-9CED-7C0CAAEBCF67}</UniqueIdentifier>
    </Filter>
    <Filter Include="Assets">
      <UniqueIdentifier>{06035042-2233-487B-B212-C52ABA1E770A}</UniqueIdentifier>
    </Filter>
    <Filter Include="Library\nlohmann-json">
      <UniqueIdentifier>{f6c98883-9023-4be6-800e-88d89f1c6625}</UniqueIdentifier>
    </Filter>
  </ItemGroup>
  <ItemGroup>
    <ClCompile Include="TheMain.cpp">
      <Filter>Assets</Filter>
    </ClCompile>
    <ClCompile Include="Base\pch.cpp">
      <Filter>未分類のソースヘッダファイル</Filter>
    </ClCompile>
    <ClCompile Include="Base\GameBase.cpp">
      <Filter>未分類のソースヘッダファイル</Filter>
    </ClCompile>
    <ClCompile Include="Base\Standalone\Debugger.cpp">
      <Filter>未分類のソースヘッダファイル</Filter>
    </ClCompile>
    <ClCompile Include="Base\System\EditorGui.cpp">
      <Filter>未分類のソースヘッダファイル</Filter>
    </ClCompile>
    <ClCompile Include="Base\SystemBase.cpp">
      <Filter>未分類のソースヘッダファイル</Filter>
    </ClCompile>
    <ClCompile Include="Base\Library\imgui\imgui.cpp">
      <Filter>未分類のソースヘッダファイル</Filter>
    </ClCompile>
    <ClCompile Include="Base\Library\imgui\imgui_demo.cpp">
      <Filter>未分類のソースヘッダファイル</Filter>
    </ClCompile>
    <ClCompile Include="Base\Library\imgui\imgui_draw.cpp">
      <Filter>未分類のソースヘッダファイル</Filter>
    </ClCompile>
    <ClCompile Include="Base\Library\imgui\imgui_impl_dx11.cpp">
      <Filter>未分類のソースヘッダファイル</Filter>
    </ClCompile>
    <ClCompile Include="Base\Library\imgui\imgui_impl_win32.cpp">
      <Filter>未分類のソースヘッダファイル</Filter>
    </ClCompile>
    <ClCompile Include="Base\Library\imgui\imgui_tables.cpp">
      <Filter>未分類のソースヘッダファイル</Filter>
    </ClCompile>
    <ClCompile Include="Base\Library\imgui\imgui_widgets.cpp">
      <Filter>未分類のソースヘッダファイル</Filter>
    </ClCompile>
    <ClCompile Include="Base\Standalone\Event.cpp">
      <Filter>未分類のソースヘッダファイル</Filter>
    </ClCompile>
    <ClCompile Include="Base\System\WindowEvent.cpp">
      <Filter>未分類のソースヘッダファイル</Filter>
    </ClCompile>
    <ClCompile Include="Base\Standalone\ResponderEvent.cpp">
      <Filter>未分類のソースヘッダファイル</Filter>
    </ClCompile>
    <ClCompile Include="Base\DependencyResolver.cpp">
      <Filter>未分類のソースヘッダファイル</Filter>
    </ClCompile>
    <ClCompile Include="Base\Standalone\FluentVector.cpp">
      <Filter>未分類のソースヘッダファイル</Filter>
    </ClCompile>
    <ClCompile Include="Base\System\Direct3D.cpp">
      <Filter>未分類のソースヘッダファイル</Filter>
    </ClCompile>
    <ClCompile Include="Base\System\GameTime.cpp">
      <Filter>未分類のソースヘッダファイル</Filter>
    </ClCompile>
    <ClCompile Include="Base\Standalone\Utility\TimeUtil.cpp">
      <Filter>未分類のソースヘッダファイル</Filter>
    </ClCompile>
    <ClCompile Include="Base\System\Assets.cpp">
      <Filter>未分類のソースヘッダファイル</Filter>
    </ClCompile>
    <ClCompile Include="Base\Standalone\CoreType\Vec2T.cpp">
      <Filter>未分類のソースヘッダファイル</Filter>
    </ClCompile>
    <ClCompile Include="Base\ECS\ComponentPool.cpp">
      <Filter>未分類のソースヘッダファイル</Filter>
    </ClCompile>
    <ClCompile Include="Base\ECS\IComponentPool.cpp">
      <Filter>未分類のソースヘッダファイル</Filter>
    </ClCompile>
    <ClCompile Include="Base\ComponentBase.cpp">
      <Filter>未分類のソースヘッダファイル</Filter>
    </ClCompile>
    <ClCompile Include="Base\Component\Transform.cpp">
      <Filter>未分類のソースヘッダファイル</Filter>
    </ClCompile>
    <ClCompile Include="Base\System\MainWindow.cpp">
      <Filter>未分類のソースヘッダファイル</Filter>
    </ClCompile>
    <ClCompile Include="Base\System\Program.cpp">
      <Filter>未分類のソースヘッダファイル</Filter>
    </ClCompile>
    <ClCompile Include="Base\System\Renderer.cpp">
      <Filter>未分類のソースヘッダファイル</Filter>
    </ClCompile>
    <ClCompile Include="Base\Standalone\Utility\StringUtil.cpp">
      <Filter>未分類のソースヘッダファイル</Filter>
    </ClCompile>
    <ClCompile Include="Base\ECS\EntityRegistry.cpp">
      <Filter>未分類のソースヘッダファイル</Filter>
    </ClCompile>
    <ClCompile Include="Base\ECS\View.cpp">
      <Filter>未分類のソースヘッダファイル</Filter>
    </ClCompile>
    <ClCompile Include="Base\ECS\World.cpp">
      <Filter>未分類のソースヘッダファイル</Filter>
    </ClCompile>
    <ClCompile Include="Base\Component\Camera.cpp">
      <Filter>未分類のソースヘッダファイル</Filter>
    </ClCompile>
    <ClCompile Include="Base\Structure\AssetLoader\YamlLoader.cpp">
      <Filter>未分類のソースヘッダファイル</Filter>
    </ClCompile>
    <ClCompile Include="Base\System\Presenter.cpp">
      <Filter>未分類のソースヘッダファイル</Filter>
    </ClCompile>
    <ClCompile Include="Base\ScriptBase.cpp">
      <Filter>未分類のソースヘッダファイル</Filter>
    </ClCompile>
    <ClCompile Include="Base\System\Input.cpp">
      <Filter>未分類のソースヘッダファイル</Filter>
    </ClCompile>
    <ClCompile Include="Base\System\ShaderCompiler.cpp">
      <Filter>未分類のソースヘッダファイル</Filter>
    </ClCompile>
    <ClCompile Include="Base\Standalone\Utility\FlyweightFactory.cpp">
      <Filter>未分類のソースヘッダファイル</Filter>
    </ClCompile>
    <ClCompile Include="Base\GameEvent.cpp">
      <Filter>未分類のソースヘッダファイル</Filter>
    </ClCompile>
    <ClCompile Include="Base\System\SceneManager.cpp">
      <Filter>未分類のソースヘッダファイル</Filter>
    </ClCompile>
    <ClCompile Include="Base\ComponentRegistry.cpp">
      <Filter>未分類のソースヘッダファイル</Filter>
    </ClCompile>
    <ClCompile Include="Base\System\Editor\EditorBase.cpp">
      <Filter>未分類のソースヘッダファイル</Filter>
    </ClCompile>
    <ClCompile Include="Base\Structure\Editor\AssetsView.cpp">
      <Filter>未分類のソースヘッダファイル</Filter>
    </ClCompile>
    <ClCompile Include="Base\System\TextureRegistry.cpp">
      <Filter>未分類のソースヘッダファイル</Filter>
    </ClCompile>
    <ClCompile Include="Base\System\Graphic\MainCamera.cpp">
      <Filter>未分類のソースヘッダファイル</Filter>
    </ClCompile>
    <ClCompile Include="Base\System\TransformCalculator.cpp">
      <Filter>未分類のソースヘッダファイル</Filter>
    </ClCompile>
    <ClCompile Include="Base\System\MaterialRegistry.cpp">
      <Filter>未分類のソースヘッダファイル</Filter>
    </ClCompile>
    <ClCompile Include="Base\Structure\Editor\HierarchyView.cpp">
      <Filter>未分類のソースヘッダファイル</Filter>
    </ClCompile>
    <ClCompile Include="Base\Component\GameObject.cpp">
      <Filter>未分類のソースヘッダファイル</Filter>
    </ClCompile>
    <ClCompile Include="Base\Structure\Editor\IEditorView.cpp">
      <Filter>未分類のソースヘッダファイル</Filter>
    </ClCompile>
    <ClCompile Include="Base\Structure\Editor\SelectedEvent.cpp">
      <Filter>未分類のソースヘッダファイル</Filter>
    </ClCompile>
    <ClCompile Include="Base\Structure\Editor\InspectorView.cpp">
      <Filter>未分類のソースヘッダファイル</Filter>
    </ClCompile>
    <ClCompile Include="Base\Structure\AssetLoader\YamlBuilder.cpp">
      <Filter>未分類のソースヘッダファイル</Filter>
    </ClCompile>
    <ClCompile Include="Base\Structure\Editor\Inspector\Component.cpp">
      <Filter>未分類のソースヘッダファイル</Filter>
    </ClCompile>
    <ClCompile Include="Base\Library\ufbx\ufbx.c">
      <Filter>未分類のソースヘッダファイル</Filter>
    </ClCompile>
    <ClCompile Include="Base\System\ModelRegistry.cpp">
      <Filter>未分類のソースヘッダファイル</Filter>
    </ClCompile>
    <ClCompile Include="Base\Structure\ModelLoader\FbxLoader.cpp">
      <Filter>未分類のソースヘッダファイル</Filter>
    </ClCompile>
    <ClCompile Include="Base\System\MeshRegistry.cpp">
      <Filter>未分類のソースヘッダファイル</Filter>
    </ClCompile>
    <ClCompile Include="Assets\Scripts\PlayerController.cpp">
      <Filter>未分類のソースヘッダファイル</Filter>
    </ClCompile>
    <ClCompile Include="Base\Structure\Editor\SceneView.cpp">
      <Filter>未分類のソースヘッダファイル</Filter>
    </ClCompile>
    <ClCompile Include="Base\System\ViewportSwitcher.cpp">
      <Filter>未分類のソースヘッダファイル</Filter>
    </ClCompile>
    <ClCompile Include="Base\Component\ModelRenderable.cpp">
      <Filter>未分類のソースヘッダファイル</Filter>
    </ClCompile>
    <ClCompile Include="Base\System\SchemaLinker.cpp">
      <Filter>未分類のソースヘッダファイル</Filter>
    </ClCompile>
    <ClCompile Include="Base\System\Editor\AssetGenerator.cpp">
      <Filter>未分類のソースヘッダファイル</Filter>
    </ClCompile>
    <ClCompile Include="Base\System\SceneSaver.cpp">
      <Filter>未分類のソースヘッダファイル</Filter>
    </ClCompile>
    <ClCompile Include="Base\Structure\AssetLoader\YamlSaver.cpp">
      <Filter>未分類のソースヘッダファイル</Filter>
    </ClCompile>
  </ItemGroup>
  <ItemGroup>
    <ClInclude Include="Base\GameBase.h">
      <Filter>GameBase</Filter>
    </ClInclude>
    <ClInclude Include="Base\pch.h">
      <Filter>未分類のソースヘッダファイル</Filter>
    </ClInclude>
    <ClInclude Include="Base\Library\nlohmann-json\json_fwd.hpp">
      <Filter>Library\nlohmann-json</Filter>
    </ClInclude>
    <ClInclude Include="Base\Library\nlohmann-json\json.hpp">
      <Filter>Library\nlohmann-json</Filter>
    </ClInclude>
    <ClInclude Include="Base\GlobalGetter.h">
      <Filter>未分類のソースヘッダファイル</Filter>
    </ClInclude>
    <ClInclude Include="Base\SystemBase.h">
      <Filter>未分類のソースヘッダファイル</Filter>
    </ClInclude>
    <ClInclude Include="Base\System\EditorGui.h">
      <Filter>未分類のソースヘッダファイル</Filter>
    </ClInclude>
    <ClInclude Include="Base\Standalone\Debugger.h">
      <Filter>未分類のソースヘッダファイル</Filter>
    </ClInclude>
    <ClInclude Include="Base\Library\imgui\imconfig.h">
      <Filter>未分類のソースヘッダファイル</Filter>
    </ClInclude>
    <ClInclude Include="Base\Library\imgui\imgui.h">
      <Filter>未分類のソースヘッダファイル</Filter>
    </ClInclude>
    <ClInclude Include="Base\Library\imgui\imgui_impl_dx11.h">
      <Filter>未分類のソースヘッダファイル</Filter>
    </ClInclude>
    <ClInclude Include="Base\Library\imgui\imgui_impl_win32.h">
      <Filter>未分類のソースヘッダファイル</Filter>
    </ClInclude>
    <ClInclude Include="Base\Library\imgui\imgui_internal.h">
      <Filter>未分類のソースヘッダファイル</Filter>
    </ClInclude>
    <ClInclude Include="Base\Library\imgui\imstb_rectpack.h">
      <Filter>未分類のソースヘッダファイル</Filter>
    </ClInclude>
    <ClInclude Include="Base\Library\imgui\imstb_textedit.h">
      <Filter>未分類のソースヘッダファイル</Filter>
    </ClInclude>
    <ClInclude Include="Base\Library\imgui\imstb_truetype.h">
      <Filter>未分類のソースヘッダファイル</Filter>
    </ClInclude>
    <ClInclude Include="Base\Standalone\Event.h">
      <Filter>未分類のソースヘッダファイル</Filter>
    </ClInclude>
    <ClInclude Include="Base\System\WindowEvent.h">
      <Filter>未分類のソースヘッダファイル</Filter>
    </ClInclude>
    <ClInclude Include="Base\Standalone\ResponderEvent.h">
      <Filter>未分類のソースヘッダファイル</Filter>
    </ClInclude>
    <ClInclude Include="Base\DependencyResolver.h">
      <Filter>未分類のソースヘッダファイル</Filter>
    </ClInclude>
    <ClInclude Include="Base\Standalone\FluentVector.h">
      <Filter>未分類のソースヘッダファイル</Filter>
    </ClInclude>
    <ClInclude Include="Base\System\Direct3D.h">
      <Filter>未分類のソースヘッダファイル</Filter>
    </ClInclude>
    <ClInclude Include="Base\System\GameTime.h">
      <Filter>未分類のソースヘッダファイル</Filter>
    </ClInclude>
    <ClInclude Include="Base\Standalone\Utility\TimeUtil.h">
      <Filter>未分類のソースヘッダファイル</Filter>
    </ClInclude>
    <ClInclude Include="Base\System\Assets.h">
      <Filter>未分類のソースヘッダファイル</Filter>
    </ClInclude>
    <ClInclude Include="Base\Structure\GameConfig.h">
      <Filter>未分類のソースヘッダファイル</Filter>
    </ClInclude>
    <ClInclude Include="Base\Standalone\CoreType\Vec2T.h">
      <Filter>未分類のソースヘッダファイル</Filter>
    </ClInclude>
    <ClInclude Include="Base\Standalone\CoreType\Vec2.h">
      <Filter>未分類のソースヘッダファイル</Filter>
    </ClInclude>
    <ClInclude Include="Base\Standalone\CoreType\Vec2Int.h">
      <Filter>未分類のソースヘッダファイル</Filter>
    </ClInclude>
    <ClInclude Include="Base\Structure\GameManifest.h">
      <Filter>未分類のソースヘッダファイル</Filter>
    </ClInclude>
    <ClInclude Include="Base\Standalone\CoreType\Vec3T.h">
      <Filter>未分類のソースヘッダファイル</Filter>
    </ClInclude>
    <ClInclude Include="Base\Standalone\CoreType\Vec3.h">
      <Filter>未分類のソースヘッダファイル</Filter>
    </ClInclude>
    <ClInclude Include="Base\Standalone\CoreType\Vec3Int.h">
      <Filter>未分類のソースヘッダファイル</Filter>
    </ClInclude>
    <ClInclude Include="Base\ECS\Entity.h">
      <Filter>未分類のソースヘッダファイル</Filter>
    </ClInclude>
    <ClInclude Include="Base\ECS\ComponentPool.h">
      <Filter>未分類のソースヘッダファイル</Filter>
    </ClInclude>
    <ClInclude Include="Base\ECS\EntityRegistry.h">
      <Filter>未分類のソースヘッダファイル</Filter>
    </ClInclude>
    <ClInclude Include="Base\ComponentBase.h">
      <Filter>未分類のソースヘッダファイル</Filter>
    </ClInclude>
    <ClInclude Include="Base\Component\Transform.h">
      <Filter>未分類のソースヘッダファイル</Filter>
    </ClInclude>
    <ClInclude Include="Base\ECS\IComponentPool.h">
      <Filter>未分類のソースヘッダファイル</Filter>
    </ClInclude>
    <ClInclude Include="Base\System\MainWindow.h">
      <Filter>未分類のソースヘッダファイル</Filter>
    </ClInclude>
    <ClInclude Include="Base\Structure\CreateWindowConfig.h">
      <Filter>未分類のソースヘッダファイル</Filter>
    </ClInclude>
    <ClInclude Include="Base\System\Program.h">
      <Filter>未分類のソースヘッダファイル</Filter>
    </ClInclude>
    <ClInclude Include="Base\Structure\RefreshRate.h">
      <Filter>未分類のソースヘッダファイル</Filter>
    </ClInclude>
    <ClInclude Include="Base\Standalone\Utility\ReferencePrinter.h">
      <Filter>未分類のソースヘッダファイル</Filter>
    </ClInclude>
    <ClInclude Include="Base\System\Renderer.h">
      <Filter>未分類のソースヘッダファイル</Filter>
    </ClInclude>
    <ClInclude Include="Base\Structure\RenderItem.h">
      <Filter>未分類のソースヘッダファイル</Filter>
    </ClInclude>
    <ClInclude Include="Base\Structure\Mesh.h">
      <Filter>未分類のソースヘッダファイル</Filter>
    </ClInclude>
    <ClInclude Include="Base\Structure\Material.h">
      <Filter>未分類のソースヘッダファイル</Filter>
    </ClInclude>
    <ClInclude Include="Base\Structure\RenderSurface.h">
      <Filter>未分類のソースヘッダファイル</Filter>
    </ClInclude>
    <ClInclude Include="Base\Standalone\CoreType\Mat4x4.h">
      <Filter>未分類のソースヘッダファイル</Filter>
    </ClInclude>
    <ClInclude Include="Base\Structure\SerializedScene.h">
      <Filter>未分類のソースヘッダファイル</Filter>
    </ClInclude>
    <ClInclude Include="Base\Structure\SerializedGameObject.h">
      <Filter>未分類のソースヘッダファイル</Filter>
    </ClInclude>
    <ClInclude Include="Base\Structure\SerializedId.h">
      <Filter>未分類のソースヘッダファイル</Filter>
    </ClInclude>
    <ClInclude Include="Base\Structure\IAssetLoader.h">
      <Filter>未分類のソースヘッダファイル</Filter>
    </ClInclude>
    <ClInclude Include="Base\Structure\AssetLoader\AssetLoaderScene.h">
      <Filter>未分類のソースヘッダファイル</Filter>
    </ClInclude>
    <ClInclude Include="Base\Standalone\Utility\StringUtil.h">
      <Filter>未分類のソースヘッダファイル</Filter>
    </ClInclude>
    <ClInclude Include="Base\ComponentIndex.h">
      <Filter>未分類のソースヘッダファイル</Filter>
    </ClInclude>
    <ClInclude Include="Base\ECS\View.h">
      <Filter>未分類のソースヘッダファイル</Filter>
    </ClInclude>
    <ClInclude Include="Base\ECS\World.h">
      <Filter>未分類のソースヘッダファイル</Filter>
    </ClInclude>
    <ClInclude Include="Base\ECS\Signature.h">
      <Filter>未分類のソースヘッダファイル</Filter>
    </ClInclude>
    <ClInclude Include="Base\Component\Camera.h">
      <Filter>未分類のソースヘッダファイル</Filter>
    </ClInclude>
    <ClInclude Include="Base\Standalone\CoreType\Quaternion.h">
      <Filter>未分類のソースヘッダファイル</Filter>
    </ClInclude>
    <ClInclude Include="Base\Structure\AssetLoader\YamlLoader.h">
      <Filter>未分類のソースヘッダファイル</Filter>
    </ClInclude>
    <ClInclude Include="Base\System\Presenter.h">
      <Filter>未分類のソースヘッダファイル</Filter>
    </ClInclude>
    <ClInclude Include="Base\Standalone\CoreType\Color.h">
      <Filter>未分類のソースヘッダファイル</Filter>
    </ClInclude>
    <ClInclude Include="Assets\Scripts\PlayerController.h">
      <Filter>未分類のソースヘッダファイル</Filter>
    </ClInclude>
    <ClInclude Include="Base\ScriptBase.h">
      <Filter>未分類のソースヘッダファイル</Filter>
    </ClInclude>
    <ClInclude Include="Base\Standalone\Utility\Assert.h">
      <Filter>未分類のソースヘッダファイル</Filter>
    </ClInclude>
    <ClInclude Include="Base\Standalone\Constant\KeyCode.h">
      <Filter>未分類のソースヘッダファイル</Filter>
    </ClInclude>
    <ClInclude Include="Base\Structure\AssetFilter.h">
      <Filter>未分類のソースヘッダファイル</Filter>
    </ClInclude>
    <ClInclude Include="Base\System\Input.h">
      <Filter>未分類のソースヘッダファイル</Filter>
    </ClInclude>
    <ClInclude Include="Base\System\ShaderCompiler.h">
      <Filter>未分類のソースヘッダファイル</Filter>
    </ClInclude>
    <ClInclude Include="Base\Structure\Shader.h">
      <Filter>未分類のソースヘッダファイル</Filter>
    </ClInclude>
    <ClInclude Include="Base\Standalone\Utility\FlyweightFactory.h">
      <Filter>未分類のソースヘッダファイル</Filter>
    </ClInclude>
    <ClInclude Include="Base\Standalone\CoreType\Handle.h">
      <Filter>未分類のソースヘッダファイル</Filter>
    </ClInclude>
    <ClInclude Include="Base\Structure\RasterizerConfig.h">
      <Filter>未分類のソースヘッダファイル</Filter>
    </ClInclude>
    <ClInclude Include="Base\Structure\ShaderCompileConfig.h">
      <Filter>未分類のソースヘッダファイル</Filter>
    </ClInclude>
    <ClInclude Include="Base\GameEvent.h">
      <Filter>未分類のソースヘッダファイル</Filter>
    </ClInclude>
    <ClInclude Include="Base\GameEvent\GameExit.h">
      <Filter>未分類のソースヘッダファイル</Filter>
    </ClInclude>
    <ClInclude Include="Base\GameEvent\ChangeScene.h">
      <Filter>未分類のソースヘッダファイル</Filter>
    </ClInclude>
    <ClInclude Include="Base\System\SceneManager.h">
      <Filter>未分類のソースヘッダファイル</Filter>
    </ClInclude>
    <ClInclude Include="Base\Structure\GameObject.h">
      <Filter>未分類のソースヘッダファイル</Filter>
    </ClInclude>
    <ClInclude Include="Base\Structure\Schema\GameObjectSchema.h">
      <Filter>未分類のソースヘッダファイル</Filter>
    </ClInclude>
    <ClInclude Include="Base\Structure\Schema\GameSceneSchema.h">
      <Filter>未分類のソースヘッダファイル</Filter>
    </ClInclude>
    <ClInclude Include="Base\Structure\Schema\FileIdSchema.h">
      <Filter>未分類のソースヘッダファイル</Filter>
    </ClInclude>
    <ClInclude Include="Base\Structure\Schema\GameComponentSchema.h">
      <Filter>未分類のソースヘッダファイル</Filter>
    </ClInclude>
    <ClInclude Include="Base\Structure\Schema\YamlSchema.h">
      <Filter>未分類のソースヘッダファイル</Filter>
    </ClInclude>
    <ClInclude Include="Base\ECS\IComponentBase.h">
      <Filter>未分類のソースヘッダファイル</Filter>
    </ClInclude>
    <ClInclude Include="Base\ComponentRegistry.h">
      <Filter>未分類のソースヘッダファイル</Filter>
    </ClInclude>
    <ClInclude Include="Base\System\Editor\EditorBase.h">
      <Filter>未分類のソースヘッダファイル</Filter>
    </ClInclude>
    <ClInclude Include="Base\Structure\Editor\IEditorView.h">
      <Filter>未分類のソースヘッダファイル</Filter>
    </ClInclude>
    <ClInclude Include="Base\Structure\Editor\AssetsView.h">
      <Filter>未分類のソースヘッダファイル</Filter>
    </ClInclude>
    <ClInclude Include="Base\System\TextureRegistry.h">
      <Filter>未分類のソースヘッダファイル</Filter>
    </ClInclude>
    <ClInclude Include="Base\Structure\Texture.h">
      <Filter>未分類のソースヘッダファイル</Filter>
    </ClInclude>
    <ClInclude Include="Base\Structure\TextureLoadConfig.h">
      <Filter>未分類のソースヘッダファイル</Filter>
    </ClInclude>
    <ClInclude Include="Base\System\Graphic\MainCamera.h">
      <Filter>未分類のソースヘッダファイル</Filter>
    </ClInclude>
    <ClInclude Include="Base\System\TransformCalculator.h">
      <Filter>未分類のソースヘッダファイル</Filter>
    </ClInclude>
    <ClInclude Include="Base\Standalone\CoreType\XMOperator.h">
      <Filter>未分類のソースヘッダファイル</Filter>
    </ClInclude>
    <ClInclude Include="Base\Structure\MaterialBase.h">
      <Filter>未分類のソースヘッダファイル</Filter>
    </ClInclude>
    <ClInclude Include="Base\System\MaterialRegistry.h">
      <Filter>未分類のソースヘッダファイル</Filter>
    </ClInclude>
    <ClInclude Include="Base\MaterialBase.h">
      <Filter>未分類のソースヘッダファイル</Filter>
    </ClInclude>
    <ClInclude Include="Assets\Default\InvalidMaterial.h">
      <Filter>未分類のソースヘッダファイル</Filter>
    </ClInclude>
    <ClInclude Include="Base\Structure\Editor\HierarchyView.h">
      <Filter>未分類のソースヘッダファイル</Filter>
    </ClInclude>
    <ClInclude Include="Base\Component\GameObject.h">
      <Filter>未分類のソースヘッダファイル</Filter>
    </ClInclude>
    <ClInclude Include="Base\Structure\SchemaLoadBundle.h">
      <Filter>未分類のソースヘッダファイル</Filter>
    </ClInclude>
    <ClInclude Include="Base\Structure\Editor\SelectedEvent.h">
      <Filter>未分類のソースヘッダファイル</Filter>
    </ClInclude>
    <ClInclude Include="Base\Structure\Editor\InspectorView.h">
      <Filter>未分類のソースヘッダファイル</Filter>
    </ClInclude>
    <ClInclude Include="Base\Structure\AssetLoader\YamlBuilder.h">
      <Filter>未分類のソースヘッダファイル</Filter>
    </ClInclude>
    <ClInclude Include="Base\Structure\Editor\Inspector\Component.h">
      <Filter>未分類のソースヘッダファイル</Filter>
    </ClInclude>
    <ClInclude Include="Base\Library\ufbx\ufbx.h">
      <Filter>未分類のソースヘッダファイル</Filter>
    </ClInclude>
    <ClInclude Include="Base\Structure\Model.h">
      <Filter>未分類のソースヘッダファイル</Filter>
    </ClInclude>
    <ClInclude Include="Base\Structure\Collider\AABB.h">
      <Filter>未分類のソースヘッダファイル</Filter>
    </ClInclude>
    <ClInclude Include="Base\System\ModelRegistry.h">
      <Filter>未分類のソースヘッダファイル</Filter>
    </ClInclude>
    <ClInclude Include="Base\Structure\ModelLoader\FbxLoader.h">
      <Filter>未分類のソースヘッダファイル</Filter>
    </ClInclude>
    <ClInclude Include="Base\Structure\ModelLoader\FbxMaterial.h">
      <Filter>未分類のソースヘッダファイル</Filter>
    </ClInclude>
    <ClInclude Include="Base\Standalone\CoreType\Float4.h">
      <Filter>未分類のソースヘッダファイル</Filter>
    </ClInclude>
    <ClInclude Include="Base\Standalone\CoreType\Type4T.h">
      <Filter>未分類のソースヘッダファイル</Filter>
    </ClInclude>
    <ClInclude Include="Base\Structure\ModelLoader\FbxVertex.h">
      <Filter>未分類のソースヘッダファイル</Filter>
    </ClInclude>
    <ClInclude Include="Base\System\MeshRegistry.h">
      <Filter>未分類のソースヘッダファイル</Filter>
    </ClInclude>
    <ClInclude Include="Base\Structure\Editor\SceneView.h">
      <Filter>未分類のソースヘッダファイル</Filter>
    </ClInclude>
    <ClInclude Include="Base\System\ViewportSwitcher.h">
      <Filter>未分類のソースヘッダファイル</Filter>
    </ClInclude>
    <ClInclude Include="Base\Component\ModelRenderable.h">
      <Filter>未分類のソースヘッダファイル</Filter>
    </ClInclude>
    <ClInclude Include="Base\Structure\Schema\AssetIdSchema.h">
      <Filter>未分類のソースヘッダファイル</Filter>
    </ClInclude>
    <ClInclude Include="Base\System\SchemaLinker.h">
      <Filter>未分類のソースヘッダファイル</Filter>
    </ClInclude>
    <ClInclude Include="Base\Structure\Editor\CommonView.h">
      <Filter>未分類のソースヘッダファイル</Filter>
    </ClInclude>
    <ClInclude Include="Base\System\Editor\AssetGenerator.h">
      <Filter>未分類のソースヘッダファイル</Filter>
    </ClInclude>
    <ClInclude Include="Base\Structure\AssetType.h">
      <Filter>未分類のソースヘッダファイル</Filter>
    </ClInclude>
    <ClInclude Include="Base\Standalone\StringLiteralPostfix.h">
      <Filter>未分類のソースヘッダファイル</Filter>
    </ClInclude>
    <ClInclude Include="Base\System\SceneSaver.h">
      <Filter>未分類のソースヘッダファイル</Filter>
    </ClInclude>
    <ClInclude Include="Base\Structure\AssetLoader\YamlSaver.h">
      <Filter>未分類のソースヘッダファイル</Filter>
    </ClInclude>
    <ClInclude Include="Base\Structure\RunMode.h">
      <Filter>未分類のソースヘッダファイル</Filter>
    </ClInclude>
    <ClInclude Include="Base\Structure\RunInfo.h">
      <Filter>未分類のソースヘッダファイル</Filter>
    </ClInclude>
    <ClInclude Include="Base\GameEvent\ChangeRunMode.h">
      <Filter>未分類のソースヘッダファイル</Filter>
    </ClInclude>
  </ItemGroup>
  <ItemGroup>
    <None Include=".editorconfig" />
    <None Include="Base\SystemBase.inl">
      <Filter>未分類のソースヘッダファイル</Filter>
    </None>
    <None Include="Base\ComponentBase.inl">
      <Filter>未分類のソースヘッダファイル</Filter>
    </None>
    <None Include="Assets\setting.json">
      <Filter>Assets</Filter>
    </None>
    <None Include="Base\ECS\View.inl">
      <Filter>未分類のソースヘッダファイル</Filter>
    </None>
    <None Include="Base\ScriptBase.inl">
      <Filter>未分類のソースヘッダファイル</Filter>
    </None>
    <None Include="Base\Standalone\Utility\FlyweightFactory.inl">
      <Filter>未分類のソースヘッダファイル</Filter>
    </None>
    <None Include="Base\GameEvent.inl">
      <Filter>未分類のソースヘッダファイル</Filter>
    </None>
    <None Include="Base\ECS\ComponentPool.inl">
      <Filter>未分類のソースヘッダファイル</Filter>
    </None>
    <None Include="Base\ComponentRegistry.inl">
      <Filter>未分類のソースヘッダファイル</Filter>
    </None>
    <None Include="packages.config" />
  </ItemGroup>
  <ItemGroup>
    <FxCompile Include="Assets\Shaders\Simple2D.hlsl">
      <Filter>シェーダーファイル</Filter>
    </FxCompile>
    <FxCompile Include="Assets\Default\InvalidShader.hlsl">
      <Filter>シェーダーファイル</Filter>
    </FxCompile>
  </ItemGroup>
</Project>