
Microsoft Visual Studio Solution File, Format Version 12.00
# Visual Studio Version 17
VisualStudioVersion = 17.13.35919.96 d17.13
MinimumVisualStudioVersion = 10.0.40219.1
Project("{8BC9CEB8-8B4A-11D0-8D11-00A0C91BC942}") = "SurvivalGame", "SurvivalGame.vcxproj", "{AC78E7BB-EE4D-4672-A626-043C24E267AC}"
EndProject
Global
	GlobalSection(SolutionConfigurationPlatforms) = preSolution
		Debug|x64 = Debug|x64
		Debug|x86 = Debug|x86
		Release|x64 = Release|x64
		Release|x86 = Release|x86
	EndGlobalSection
	GlobalSection(ProjectConfigurationPlatforms) = postSolution
		{AC78E7BB-EE4D-4672-A626-043C24E267AC}.Debug|x64.ActiveCfg = Debug|x64
		{AC78E7BB-EE4D-4672-A626-043C24E267AC}.Debug|x64.Build.0 = Debug|x64
		{AC78E7BB-EE4D-4672-A626-043C24E267AC}.Debug|x86.ActiveCfg = Debug|Win32
		{AC78E7BB-EE4D-4672-A626-043C24E267AC}.Debug|x86.Build.0 = Debug|Win32
		{AC78E7BB-EE4D-4672-A626-043C24E267AC}.Release|x64.ActiveCfg = Release|x64
		{AC78E7BB-EE4D-4672-A626-043C24E267AC}.Release|x64.Build.0 = Release|x64
		{AC78E7BB-EE4D-4672-A626-043C24E267AC}.Release|x86.ActiveCfg = Release|Win32
		{AC78E7BB-EE4D-4672-A626-043C24E267AC}.Release|x86.Build.0 = Release|Win32
	EndGlobalSection
	GlobalSection(SolutionProperties) = preSolution
		HideSolutionNode = FALSE
	EndGlobalSection
	GlobalSection(ExtensibilityGlobals) = postSolution
		SolutionGuid = {DE83F584-F356-4D1B-9B27-A6E687661FC3}
	EndGlobalSection
EndGlobal
